// !$*UTF8*$!
{
	archiveVersion = 1;
	classes = {
	};
	objectVersion = 56;
	objects = {

/* Begin PBXBuildFile section */
		650E48B72C6D938100416935 /* GitHubTCAApp.swift in Sources */ = {isa = PBXBuildFile; fileRef = 650E48B62C6D938100416935 /* GitHubTCAApp.swift */; };
		650E48BB2C6D938200416935 /* Assets.xcassets in Resources */ = {isa = PBXBuildFile; fileRef = 650E48BA2C6D938200416935 /* Assets.xcassets */; };
		650E48BE2C6D938200416935 /* Preview Assets.xcassets in Resources */ = {isa = PBXBuildFile; fileRef = 650E48BD2C6D938200416935 /* Preview Assets.xcassets */; };
		650E48D32C6D944A00416935 /* ComposableArchitecture in Frameworks */ = {isa = PBXBuildFile; productRef = 650E48D22C6D944A00416935 /* ComposableArchitecture */; };
		650E48D62C6D945D00416935 /* SnapshotTesting in Frameworks */ = {isa = PBXBuildFile; productRef = 650E48D52C6D945D00416935 /* SnapshotTesting */; };
		651EE34E2C6DA1FA0052E5EA /* Localizable.xcstrings in Resources */ = {isa = PBXBuildFile; fileRef = 651EE34D2C6DA1FA0052E5EA /* Localizable.xcstrings */; };
		651EE35A2C6DA2020052E5EA /* GitHubPagination.swift in Sources */ = {isa = PBXBuildFile; fileRef = 651EE34F2C6DA2020052E5EA /* GitHubPagination.swift */; };
		651EE35B2C6DA2020052E5EA /* GitHubRequestHeader.swift in Sources */ = {isa = PBXBuildFile; fileRef = 651EE3502C6DA2020052E5EA /* GitHubRequestHeader.swift */; };
		651EE35C2C6DA2020052E5EA /* AvatarView.swift in Sources */ = {isa = PBXBuildFile; fileRef = 651EE3522C6DA2020052E5EA /* AvatarView.swift */; };
		651EE35D2C6DA2020052E5EA /* NavigationStackWrapper.swift in Sources */ = {isa = PBXBuildFile; fileRef = 651EE3532C6DA2020052E5EA /* NavigationStackWrapper.swift */; };
		651EE35E2C6DA2020052E5EA /* CardBackground.swift in Sources */ = {isa = PBXBuildFile; fileRef = 651EE3552C6DA2020052E5EA /* CardBackground.swift */; };
		651EE35F2C6DA2020052E5EA /* CommonAlert.swift in Sources */ = {isa = PBXBuildFile; fileRef = 651EE3572C6DA2020052E5EA /* CommonAlert.swift */; };
		651EE3602C6DA2020052E5EA /* ElementIdentifiable.swift in Sources */ = {isa = PBXBuildFile; fileRef = 651EE3582C6DA2020052E5EA /* ElementIdentifiable.swift */; };
		651EE36B2C6DA2090052E5EA /* UserListClient.swift in Sources */ = {isa = PBXBuildFile; fileRef = 651EE3612C6DA2090052E5EA /* UserListClient.swift */; };
		651EE36C2C6DA2090052E5EA /* UserListFeature.swift in Sources */ = {isa = PBXBuildFile; fileRef = 651EE3632C6DA2090052E5EA /* UserListFeature.swift */; };
		651EE36D2C6DA2090052E5EA /* GitHubUser.swift in Sources */ = {isa = PBXBuildFile; fileRef = 651EE3652C6DA2090052E5EA /* GitHubUser.swift */; };
		651EE36E2C6DA2090052E5EA /* UserListView.swift in Sources */ = {isa = PBXBuildFile; fileRef = 651EE3672C6DA2090052E5EA /* UserListView.swift */; };
		651EE36F2C6DA2090052E5EA /* UserView.swift in Sources */ = {isa = PBXBuildFile; fileRef = 651EE3682C6DA2090052E5EA /* UserView.swift */; };
		651EE3862C6DA2BC0052E5EA /* testOnFetchUserList.1.png in Resources */ = {isa = PBXBuildFile; fileRef = 651EE3712C6DA2BC0052E5EA /* testOnFetchUserList.1.png */; };
		651EE3872C6DA2BC0052E5EA /* testOnFetchUserList.2.png in Resources */ = {isa = PBXBuildFile; fileRef = 651EE3722C6DA2BC0052E5EA /* testOnFetchUserList.2.png */; };
		651EE3882C6DA2BC0052E5EA /* testOnFetchUserList.3.png in Resources */ = {isa = PBXBuildFile; fileRef = 651EE3732C6DA2BC0052E5EA /* testOnFetchUserList.3.png */; };
		651EE3892C6DA2BC0052E5EA /* testOnFetchUserList.4.png in Resources */ = {isa = PBXBuildFile; fileRef = 651EE3742C6DA2BC0052E5EA /* testOnFetchUserList.4.png */; };
		651EE38A2C6DA2BC0052E5EA /* testSuccessUserList.1.png in Resources */ = {isa = PBXBuildFile; fileRef = 651EE3752C6DA2BC0052E5EA /* testSuccessUserList.1.png */; };
		651EE38B2C6DA2BC0052E5EA /* testSuccessUserList.2.png in Resources */ = {isa = PBXBuildFile; fileRef = 651EE3762C6DA2BC0052E5EA /* testSuccessUserList.2.png */; };
		651EE38C2C6DA2BC0052E5EA /* testSuccessUserList.3.png in Resources */ = {isa = PBXBuildFile; fileRef = 651EE3772C6DA2BC0052E5EA /* testSuccessUserList.3.png */; };
		651EE38D2C6DA2BC0052E5EA /* testSuccessUserList.4.png in Resources */ = {isa = PBXBuildFile; fileRef = 651EE3782C6DA2BC0052E5EA /* testSuccessUserList.4.png */; };
		651EE38E2C6DA2BC0052E5EA /* getUsers_partialMissingFields.json in Resources */ = {isa = PBXBuildFile; fileRef = 651EE37B2C6DA2BC0052E5EA /* getUsers_partialMissingFields.json */; };
		651EE38F2C6DA2BC0052E5EA /* getUsers.json in Resources */ = {isa = PBXBuildFile; fileRef = 651EE37C2C6DA2BC0052E5EA /* getUsers.json */; };
		651EE3902C6DA2BC0052E5EA /* MockGetUsers.swift in Sources */ = {isa = PBXBuildFile; fileRef = 651EE37D2C6DA2BC0052E5EA /* MockGetUsers.swift */; };
		651EE3912C6DA2BC0052E5EA /* UserListFeatureTests.swift in Sources */ = {isa = PBXBuildFile; fileRef = 651EE37F2C6DA2BC0052E5EA /* UserListFeatureTests.swift */; };
		651EE3922C6DA2BC0052E5EA /* UserListSnapshotTests.swift in Sources */ = {isa = PBXBuildFile; fileRef = 651EE3802C6DA2BC0052E5EA /* UserListSnapshotTests.swift */; };
		651EE3932C6DA2BC0052E5EA /* Bundle+Extension.swift in Sources */ = {isa = PBXBuildFile; fileRef = 651EE3832C6DA2BC0052E5EA /* Bundle+Extension.swift */; };
		651EE3942C6DA2BC0052E5EA /* MockHelper.swift in Sources */ = {isa = PBXBuildFile; fileRef = 651EE3842C6DA2BC0052E5EA /* MockHelper.swift */; };
		651EE39E2C6DA4B20052E5EA /* UserDetailClient.swift in Sources */ = {isa = PBXBuildFile; fileRef = 651EE3952C6DA4B20052E5EA /* UserDetailClient.swift */; };
		651EE39F2C6DA4B20052E5EA /* UserDetailFeature.swift in Sources */ = {isa = PBXBuildFile; fileRef = 651EE3972C6DA4B20052E5EA /* UserDetailFeature.swift */; };
		651EE3A02C6DA4B20052E5EA /* GitHubUserDetail.swift in Sources */ = {isa = PBXBuildFile; fileRef = 651EE3992C6DA4B20052E5EA /* GitHubUserDetail.swift */; };
		651EE3A12C6DA4B20052E5EA /* UserDetailView.swift in Sources */ = {isa = PBXBuildFile; fileRef = 651EE39B2C6DA4B20052E5EA /* UserDetailView.swift */; };
		651EE3B32C6DA4BD0052E5EA /* testOnFetchUserDetail.1.png in Resources */ = {isa = PBXBuildFile; fileRef = 651EE3A22C6DA4BD0052E5EA /* testOnFetchUserDetail.1.png */; };
		651EE3B42C6DA4BD0052E5EA /* testOnFetchUserDetail.2.png in Resources */ = {isa = PBXBuildFile; fileRef = 651EE3A32C6DA4BD0052E5EA /* testOnFetchUserDetail.2.png */; };
		651EE3B52C6DA4BD0052E5EA /* testOnFetchUserDetail.3.png in Resources */ = {isa = PBXBuildFile; fileRef = 651EE3A42C6DA4BD0052E5EA /* testOnFetchUserDetail.3.png */; };
		651EE3B62C6DA4BD0052E5EA /* testOnFetchUserDetail.4.png in Resources */ = {isa = PBXBuildFile; fileRef = 651EE3A52C6DA4BD0052E5EA /* testOnFetchUserDetail.4.png */; };
		651EE3B72C6DA4BD0052E5EA /* testSuccessUserDetail.1.png in Resources */ = {isa = PBXBuildFile; fileRef = 651EE3A62C6DA4BD0052E5EA /* testSuccessUserDetail.1.png */; };
		651EE3B82C6DA4BD0052E5EA /* testSuccessUserDetail.2.png in Resources */ = {isa = PBXBuildFile; fileRef = 651EE3A72C6DA4BD0052E5EA /* testSuccessUserDetail.2.png */; };
		651EE3B92C6DA4BD0052E5EA /* testSuccessUserDetail.3.png in Resources */ = {isa = PBXBuildFile; fileRef = 651EE3A82C6DA4BD0052E5EA /* testSuccessUserDetail.3.png */; };
		651EE3BA2C6DA4BD0052E5EA /* testSuccessUserDetail.4.png in Resources */ = {isa = PBXBuildFile; fileRef = 651EE3A92C6DA4BD0052E5EA /* testSuccessUserDetail.4.png */; };
		651EE3BB2C6DA4BD0052E5EA /* getUserDetail_missingFields.json in Resources */ = {isa = PBXBuildFile; fileRef = 651EE3AC2C6DA4BD0052E5EA /* getUserDetail_missingFields.json */; };
		651EE3BC2C6DA4BD0052E5EA /* getUserDetail.json in Resources */ = {isa = PBXBuildFile; fileRef = 651EE3AD2C6DA4BD0052E5EA /* getUserDetail.json */; };
		651EE3BD2C6DA4BD0052E5EA /* MockGetUserDetail.swift in Sources */ = {isa = PBXBuildFile; fileRef = 651EE3AE2C6DA4BD0052E5EA /* MockGetUserDetail.swift */; };
		651EE3BE2C6DA4BD0052E5EA /* UserDetailFeatureTests.swift in Sources */ = {isa = PBXBuildFile; fileRef = 651EE3B02C6DA4BD0052E5EA /* UserDetailFeatureTests.swift */; };
		651EE3BF2C6DA4BD0052E5EA /* UserDetailSnapshotTests.swift in Sources */ = {isa = PBXBuildFile; fileRef = 651EE3B12C6DA4BD0052E5EA /* UserDetailSnapshotTests.swift */; };
/* End PBXBuildFile section */

/* Begin PBXContainerItemProxy section */
		650E48CC2C6D93F200416935 /* PBXContainerItemProxy */ = {
			isa = PBXContainerItemProxy;
			containerPortal = 650E48AB2C6D938100416935 /* Project object */;
			proxyType = 1;
			remoteGlobalIDString = 650E48B22C6D938100416935;
			remoteInfo = GitHubTCA;
		};
/* End PBXContainerItemProxy section */

/* Begin PBXFileReference section */
		650E48B32C6D938100416935 /* GitHubTCA.app */ = {isa = PBXFileReference; explicitFileType = wrapper.application; includeInIndex = 0; path = GitHubTCA.app; sourceTree = BUILT_PRODUCTS_DIR; };
		650E48B62C6D938100416935 /* GitHubTCAApp.swift */ = {isa = PBXFileReference; lastKnownFileType = sourcecode.swift; path = GitHubTCAApp.swift; sourceTree = "<group>"; };
		650E48BA2C6D938200416935 /* Assets.xcassets */ = {isa = PBXFileReference; lastKnownFileType = folder.assetcatalog; path = Assets.xcassets; sourceTree = "<group>"; };
		650E48BD2C6D938200416935 /* Preview Assets.xcassets */ = {isa = PBXFileReference; lastKnownFileType = folder.assetcatalog; path = "Preview Assets.xcassets"; sourceTree = "<group>"; };
		650E48C82C6D93F200416935 /* GitHubTCATests.xctest */ = {isa = PBXFileReference; explicitFileType = wrapper.cfbundle; includeInIndex = 0; path = GitHubTCATests.xctest; sourceTree = BUILT_PRODUCTS_DIR; };
		650E48D72C6D948200416935 /* GitHubTCATestPlan.xctestplan */ = {isa = PBXFileReference; lastKnownFileType = text; path = GitHubTCATestPlan.xctestplan; sourceTree = "<group>"; };
		651EE34D2C6DA1FA0052E5EA /* Localizable.xcstrings */ = {isa = PBXFileReference; fileEncoding = 4; lastKnownFileType = text.json.xcstrings; path = Localizable.xcstrings; sourceTree = "<group>"; };
		651EE34F2C6DA2020052E5EA /* GitHubPagination.swift */ = {isa = PBXFileReference; fileEncoding = 4; lastKnownFileType = sourcecode.swift; path = GitHubPagination.swift; sourceTree = "<group>"; };
		651EE3502C6DA2020052E5EA /* GitHubRequestHeader.swift */ = {isa = PBXFileReference; fileEncoding = 4; lastKnownFileType = sourcecode.swift; path = GitHubRequestHeader.swift; sourceTree = "<group>"; };
		651EE3522C6DA2020052E5EA /* AvatarView.swift */ = {isa = PBXFileReference; fileEncoding = 4; lastKnownFileType = sourcecode.swift; path = AvatarView.swift; sourceTree = "<group>"; };
		651EE3532C6DA2020052E5EA /* NavigationStackWrapper.swift */ = {isa = PBXFileReference; fileEncoding = 4; lastKnownFileType = sourcecode.swift; path = NavigationStackWrapper.swift; sourceTree = "<group>"; };
		651EE3552C6DA2020052E5EA /* CardBackground.swift */ = {isa = PBXFileReference; fileEncoding = 4; lastKnownFileType = sourcecode.swift; path = CardBackground.swift; sourceTree = "<group>"; };
		651EE3572C6DA2020052E5EA /* CommonAlert.swift */ = {isa = PBXFileReference; fileEncoding = 4; lastKnownFileType = sourcecode.swift; path = CommonAlert.swift; sourceTree = "<group>"; };
		651EE3582C6DA2020052E5EA /* ElementIdentifiable.swift */ = {isa = PBXFileReference; fileEncoding = 4; lastKnownFileType = sourcecode.swift; path = ElementIdentifiable.swift; sourceTree = "<group>"; };
		651EE3612C6DA2090052E5EA /* UserListClient.swift */ = {isa = PBXFileReference; fileEncoding = 4; lastKnownFileType = sourcecode.swift; path = UserListClient.swift; sourceTree = "<group>"; };
		651EE3632C6DA2090052E5EA /* UserListFeature.swift */ = {isa = PBXFileReference; fileEncoding = 4; lastKnownFileType = sourcecode.swift; path = UserListFeature.swift; sourceTree = "<group>"; };
		651EE3652C6DA2090052E5EA /* GitHubUser.swift */ = {isa = PBXFileReference; fileEncoding = 4; lastKnownFileType = sourcecode.swift; path = GitHubUser.swift; sourceTree = "<group>"; };
		651EE3672C6DA2090052E5EA /* UserListView.swift */ = {isa = PBXFileReference; fileEncoding = 4; lastKnownFileType = sourcecode.swift; path = UserListView.swift; sourceTree = "<group>"; };
		651EE3682C6DA2090052E5EA /* UserView.swift */ = {isa = PBXFileReference; fileEncoding = 4; lastKnownFileType = sourcecode.swift; path = UserView.swift; sourceTree = "<group>"; };
		651EE3702C6DA2600052E5EA /* Info.plist */ = {isa = PBXFileReference; lastKnownFileType = text.plist; path = Info.plist; sourceTree = "<group>"; };
		651EE3712C6DA2BC0052E5EA /* testOnFetchUserList.1.png */ = {isa = PBXFileReference; lastKnownFileType = image.png; path = testOnFetchUserList.1.png; sourceTree = "<group>"; };
		651EE3722C6DA2BC0052E5EA /* testOnFetchUserList.2.png */ = {isa = PBXFileReference; lastKnownFileType = image.png; path = testOnFetchUserList.2.png; sourceTree = "<group>"; };
		651EE3732C6DA2BC0052E5EA /* testOnFetchUserList.3.png */ = {isa = PBXFileReference; lastKnownFileType = image.png; path = testOnFetchUserList.3.png; sourceTree = "<group>"; };
		651EE3742C6DA2BC0052E5EA /* testOnFetchUserList.4.png */ = {isa = PBXFileReference; lastKnownFileType = image.png; path = testOnFetchUserList.4.png; sourceTree = "<group>"; };
		651EE3752C6DA2BC0052E5EA /* testSuccessUserList.1.png */ = {isa = PBXFileReference; lastKnownFileType = image.png; path = testSuccessUserList.1.png; sourceTree = "<group>"; };
		651EE3762C6DA2BC0052E5EA /* testSuccessUserList.2.png */ = {isa = PBXFileReference; lastKnownFileType = image.png; path = testSuccessUserList.2.png; sourceTree = "<group>"; };
		651EE3772C6DA2BC0052E5EA /* testSuccessUserList.3.png */ = {isa = PBXFileReference; lastKnownFileType = image.png; path = testSuccessUserList.3.png; sourceTree = "<group>"; };
		651EE3782C6DA2BC0052E5EA /* testSuccessUserList.4.png */ = {isa = PBXFileReference; lastKnownFileType = image.png; path = testSuccessUserList.4.png; sourceTree = "<group>"; };
		651EE37B2C6DA2BC0052E5EA /* getUsers_partialMissingFields.json */ = {isa = PBXFileReference; fileEncoding = 4; lastKnownFileType = text.json; path = getUsers_partialMissingFields.json; sourceTree = "<group>"; };
		651EE37C2C6DA2BC0052E5EA /* getUsers.json */ = {isa = PBXFileReference; fileEncoding = 4; lastKnownFileType = text.json; path = getUsers.json; sourceTree = "<group>"; };
		651EE37D2C6DA2BC0052E5EA /* MockGetUsers.swift */ = {isa = PBXFileReference; fileEncoding = 4; lastKnownFileType = sourcecode.swift; path = MockGetUsers.swift; sourceTree = "<group>"; };
		651EE37F2C6DA2BC0052E5EA /* UserListFeatureTests.swift */ = {isa = PBXFileReference; fileEncoding = 4; lastKnownFileType = sourcecode.swift; path = UserListFeatureTests.swift; sourceTree = "<group>"; };
		651EE3802C6DA2BC0052E5EA /* UserListSnapshotTests.swift */ = {isa = PBXFileReference; fileEncoding = 4; lastKnownFileType = sourcecode.swift; path = UserListSnapshotTests.swift; sourceTree = "<group>"; };
		651EE3832C6DA2BC0052E5EA /* Bundle+Extension.swift */ = {isa = PBXFileReference; fileEncoding = 4; lastKnownFileType = sourcecode.swift; path = "Bundle+Extension.swift"; sourceTree = "<group>"; };
		651EE3842C6DA2BC0052E5EA /* MockHelper.swift */ = {isa = PBXFileReference; fileEncoding = 4; lastKnownFileType = sourcecode.swift; path = MockHelper.swift; sourceTree = "<group>"; };
		651EE3952C6DA4B20052E5EA /* UserDetailClient.swift */ = {isa = PBXFileReference; fileEncoding = 4; lastKnownFileType = sourcecode.swift; path = UserDetailClient.swift; sourceTree = "<group>"; };
		651EE3972C6DA4B20052E5EA /* UserDetailFeature.swift */ = {isa = PBXFileReference; fileEncoding = 4; lastKnownFileType = sourcecode.swift; path = UserDetailFeature.swift; sourceTree = "<group>"; };
		651EE3992C6DA4B20052E5EA /* GitHubUserDetail.swift */ = {isa = PBXFileReference; fileEncoding = 4; lastKnownFileType = sourcecode.swift; path = GitHubUserDetail.swift; sourceTree = "<group>"; };
		651EE39B2C6DA4B20052E5EA /* UserDetailView.swift */ = {isa = PBXFileReference; fileEncoding = 4; lastKnownFileType = sourcecode.swift; path = UserDetailView.swift; sourceTree = "<group>"; };
		651EE3A22C6DA4BD0052E5EA /* testOnFetchUserDetail.1.png */ = {isa = PBXFileReference; lastKnownFileType = image.png; path = testOnFetchUserDetail.1.png; sourceTree = "<group>"; };
		651EE3A32C6DA4BD0052E5EA /* testOnFetchUserDetail.2.png */ = {isa = PBXFileReference; lastKnownFileType = image.png; path = testOnFetchUserDetail.2.png; sourceTree = "<group>"; };
		651EE3A42C6DA4BD0052E5EA /* testOnFetchUserDetail.3.png */ = {isa = PBXFileReference; lastKnownFileType = image.png; path = testOnFetchUserDetail.3.png; sourceTree = "<group>"; };
		651EE3A52C6DA4BD0052E5EA /* testOnFetchUserDetail.4.png */ = {isa = PBXFileReference; lastKnownFileType = image.png; path = testOnFetchUserDetail.4.png; sourceTree = "<group>"; };
		651EE3A62C6DA4BD0052E5EA /* testSuccessUserDetail.1.png */ = {isa = PBXFileReference; lastKnownFileType = image.png; path = testSuccessUserDetail.1.png; sourceTree = "<group>"; };
		651EE3A72C6DA4BD0052E5EA /* testSuccessUserDetail.2.png */ = {isa = PBXFileReference; lastKnownFileType = image.png; path = testSuccessUserDetail.2.png; sourceTree = "<group>"; };
		651EE3A82C6DA4BD0052E5EA /* testSuccessUserDetail.3.png */ = {isa = PBXFileReference; lastKnownFileType = image.png; path = testSuccessUserDetail.3.png; sourceTree = "<group>"; };
		651EE3A92C6DA4BD0052E5EA /* testSuccessUserDetail.4.png */ = {isa = PBXFileReference; lastKnownFileType = image.png; path = testSuccessUserDetail.4.png; sourceTree = "<group>"; };
		651EE3AC2C6DA4BD0052E5EA /* getUserDetail_missingFields.json */ = {isa = PBXFileReference; fileEncoding = 4; lastKnownFileType = text.json; path = getUserDetail_missingFields.json; sourceTree = "<group>"; };
		651EE3AD2C6DA4BD0052E5EA /* getUserDetail.json */ = {isa = PBXFileReference; fileEncoding = 4; lastKnownFileType = text.json; path = getUserDetail.json; sourceTree = "<group>"; };
		651EE3AE2C6DA4BD0052E5EA /* MockGetUserDetail.swift */ = {isa = PBXFileReference; fileEncoding = 4; lastKnownFileType = sourcecode.swift; path = MockGetUserDetail.swift; sourceTree = "<group>"; };
		651EE3B02C6DA4BD0052E5EA /* UserDetailFeatureTests.swift */ = {isa = PBXFileReference; fileEncoding = 4; lastKnownFileType = sourcecode.swift; path = UserDetailFeatureTests.swift; sourceTree = "<group>"; };
		651EE3B12C6DA4BD0052E5EA /* UserDetailSnapshotTests.swift */ = {isa = PBXFileReference; fileEncoding = 4; lastKnownFileType = sourcecode.swift; path = UserDetailSnapshotTests.swift; sourceTree = "<group>"; };
/* End PBXFileReference section */

/* Begin PBXFrameworksBuildPhase section */
		650E48B02C6D938100416935 /* Frameworks */ = {
			isa = PBXFrameworksBuildPhase;
			buildActionMask = 2147483647;
			files = (
				650E48D32C6D944A00416935 /* ComposableArchitecture in Frameworks */,
			);
			runOnlyForDeploymentPostprocessing = 0;
		};
		650E48C52C6D93F200416935 /* Frameworks */ = {
			isa = PBXFrameworksBuildPhase;
			buildActionMask = 2147483647;
			files = (
				650E48D62C6D945D00416935 /* SnapshotTesting in Frameworks */,
			);
			runOnlyForDeploymentPostprocessing = 0;
		};
/* End PBXFrameworksBuildPhase section */

/* Begin PBXGroup section */
		650E48AA2C6D938100416935 = {
			isa = PBXGroup;
			children = (
				650E48B52C6D938100416935 /* GitHubTCA */,
				650E48C92C6D93F200416935 /* GitHubTCATests */,
				650E48B42C6D938100416935 /* Products */,
			);
			sourceTree = "<group>";
		};
		650E48B42C6D938100416935 /* Products */ = {
			isa = PBXGroup;
			children = (
				650E48B32C6D938100416935 /* GitHubTCA.app */,
				650E48C82C6D93F200416935 /* GitHubTCATests.xctest */,
			);
			name = Products;
			sourceTree = "<group>";
		};
		650E48B52C6D938100416935 /* GitHubTCA */ = {
			isa = PBXGroup;
			children = (
				651EE3592C6DA2020052E5EA /* Common */,
				650E48BC2C6D938200416935 /* Preview Content */,
				654799A22C6DA09000F8F666 /* Resource */,
				651EE39D2C6DA4B20052E5EA /* UserDetail */,
				651EE36A2C6DA2090052E5EA /* UserList */,
				650E48B62C6D938100416935 /* GitHubTCAApp.swift */,
				651EE3702C6DA2600052E5EA /* Info.plist */,
			);
			path = GitHubTCA;
			sourceTree = "<group>";
		};
		650E48BC2C6D938200416935 /* Preview Content */ = {
			isa = PBXGroup;
			children = (
				650E48BD2C6D938200416935 /* Preview Assets.xcassets */,
			);
			path = "Preview Content";
			sourceTree = "<group>";
		};
		650E48C92C6D93F200416935 /* GitHubTCATests */ = {
			isa = PBXGroup;
			children = (
				651EE3822C6DA2BC0052E5EA /* Feature */,
				651EE3852C6DA2BC0052E5EA /* Utility */,
				650E48D72C6D948200416935 /* GitHubTCATestPlan.xctestplan */,
			);
			path = GitHubTCATests;
			sourceTree = "<group>";
		};
		651EE3512C6DA2020052E5EA /* GitHubAPI */ = {
			isa = PBXGroup;
			children = (
				651EE34F2C6DA2020052E5EA /* GitHubPagination.swift */,
				651EE3502C6DA2020052E5EA /* GitHubRequestHeader.swift */,
			);
			path = GitHubAPI;
			sourceTree = "<group>";
		};
		651EE3542C6DA2020052E5EA /* View */ = {
			isa = PBXGroup;
			children = (
				651EE3522C6DA2020052E5EA /* AvatarView.swift */,
				651EE3532C6DA2020052E5EA /* NavigationStackWrapper.swift */,
			);
			path = View;
			sourceTree = "<group>";
		};
		651EE3562C6DA2020052E5EA /* ViewModifier */ = {
			isa = PBXGroup;
			children = (
				651EE3552C6DA2020052E5EA /* CardBackground.swift */,
			);
			path = ViewModifier;
			sourceTree = "<group>";
		};
		651EE3592C6DA2020052E5EA /* Common */ = {
			isa = PBXGroup;
			children = (
				651EE3512C6DA2020052E5EA /* GitHubAPI */,
				651EE3542C6DA2020052E5EA /* View */,
				651EE3562C6DA2020052E5EA /* ViewModifier */,
				651EE3572C6DA2020052E5EA /* CommonAlert.swift */,
				651EE3582C6DA2020052E5EA /* ElementIdentifiable.swift */,
			);
			path = Common;
			sourceTree = "<group>";
		};
		651EE3622C6DA2090052E5EA /* Client */ = {
			isa = PBXGroup;
			children = (
				651EE3612C6DA2090052E5EA /* UserListClient.swift */,
			);
			path = Client;
			sourceTree = "<group>";
		};
		651EE3642C6DA2090052E5EA /* Feature */ = {
			isa = PBXGroup;
			children = (
				651EE3632C6DA2090052E5EA /* UserListFeature.swift */,
			);
			path = Feature;
			sourceTree = "<group>";
		};
		651EE3662C6DA2090052E5EA /* Model */ = {
			isa = PBXGroup;
			children = (
				651EE3652C6DA2090052E5EA /* GitHubUser.swift */,
			);
			path = Model;
			sourceTree = "<group>";
		};
		651EE3692C6DA2090052E5EA /* View */ = {
			isa = PBXGroup;
			children = (
				651EE3672C6DA2090052E5EA /* UserListView.swift */,
				651EE3682C6DA2090052E5EA /* UserView.swift */,
			);
			path = View;
			sourceTree = "<group>";
		};
		651EE36A2C6DA2090052E5EA /* UserList */ = {
			isa = PBXGroup;
			children = (
				651EE3622C6DA2090052E5EA /* Client */,
				651EE3642C6DA2090052E5EA /* Feature */,
				651EE3662C6DA2090052E5EA /* Model */,
				651EE3692C6DA2090052E5EA /* View */,
			);
			path = UserList;
			sourceTree = "<group>";
		};
		651EE3792C6DA2BC0052E5EA /* UserListSnapshotTests */ = {
			isa = PBXGroup;
			children = (
				651EE3712C6DA2BC0052E5EA /* testOnFetchUserList.1.png */,
				651EE3722C6DA2BC0052E5EA /* testOnFetchUserList.2.png */,
				651EE3732C6DA2BC0052E5EA /* testOnFetchUserList.3.png */,
				651EE3742C6DA2BC0052E5EA /* testOnFetchUserList.4.png */,
				651EE3752C6DA2BC0052E5EA /* testSuccessUserList.1.png */,
				651EE3762C6DA2BC0052E5EA /* testSuccessUserList.2.png */,
				651EE3772C6DA2BC0052E5EA /* testSuccessUserList.3.png */,
				651EE3782C6DA2BC0052E5EA /* testSuccessUserList.4.png */,
			);
			path = UserListSnapshotTests;
			sourceTree = "<group>";
		};
		651EE37A2C6DA2BC0052E5EA /* __Snapshots__ */ = {
			isa = PBXGroup;
			children = (
				651EE3792C6DA2BC0052E5EA /* UserListSnapshotTests */,
			);
			path = __Snapshots__;
			sourceTree = "<group>";
		};
		651EE37E2C6DA2BC0052E5EA /* Mock */ = {
			isa = PBXGroup;
			children = (
				651EE37B2C6DA2BC0052E5EA /* getUsers_partialMissingFields.json */,
				651EE37C2C6DA2BC0052E5EA /* getUsers.json */,
				651EE37D2C6DA2BC0052E5EA /* MockGetUsers.swift */,
			);
			path = Mock;
			sourceTree = "<group>";
		};
		651EE3812C6DA2BC0052E5EA /* UserList */ = {
			isa = PBXGroup;
			children = (
				651EE37A2C6DA2BC0052E5EA /* __Snapshots__ */,
				651EE37E2C6DA2BC0052E5EA /* Mock */,
				651EE37F2C6DA2BC0052E5EA /* UserListFeatureTests.swift */,
				651EE3802C6DA2BC0052E5EA /* UserListSnapshotTests.swift */,
			);
			path = UserList;
			sourceTree = "<group>";
		};
		651EE3822C6DA2BC0052E5EA /* Feature */ = {
			isa = PBXGroup;
			children = (
				651EE3B22C6DA4BD0052E5EA /* UserDetail */,
				651EE3812C6DA2BC0052E5EA /* UserList */,
			);
			path = Feature;
			sourceTree = "<group>";
		};
		651EE3852C6DA2BC0052E5EA /* Utility */ = {
			isa = PBXGroup;
			children = (
				651EE3832C6DA2BC0052E5EA /* Bundle+Extension.swift */,
				651EE3842C6DA2BC0052E5EA /* MockHelper.swift */,
			);
			path = Utility;
			sourceTree = "<group>";
		};
		651EE3962C6DA4B20052E5EA /* Client */ = {
			isa = PBXGroup;
			children = (
				651EE3952C6DA4B20052E5EA /* UserDetailClient.swift */,
			);
			path = Client;
			sourceTree = "<group>";
		};
		651EE3982C6DA4B20052E5EA /* Feature */ = {
			isa = PBXGroup;
			children = (
				651EE3972C6DA4B20052E5EA /* UserDetailFeature.swift */,
			);
			path = Feature;
			sourceTree = "<group>";
		};
		651EE39A2C6DA4B20052E5EA /* Model */ = {
			isa = PBXGroup;
			children = (
				651EE3992C6DA4B20052E5EA /* GitHubUserDetail.swift */,
			);
			path = Model;
			sourceTree = "<group>";
		};
		651EE39C2C6DA4B20052E5EA /* View */ = {
			isa = PBXGroup;
			children = (
				651EE39B2C6DA4B20052E5EA /* UserDetailView.swift */,
			);
			path = View;
			sourceTree = "<group>";
		};
		651EE39D2C6DA4B20052E5EA /* UserDetail */ = {
			isa = PBXGroup;
			children = (
				651EE3962C6DA4B20052E5EA /* Client */,
				651EE3982C6DA4B20052E5EA /* Feature */,
				651EE39A2C6DA4B20052E5EA /* Model */,
				651EE39C2C6DA4B20052E5EA /* View */,
			);
			path = UserDetail;
			sourceTree = "<group>";
		};
		651EE3AA2C6DA4BD0052E5EA /* UserDetailSnapshotTests */ = {
			isa = PBXGroup;
			children = (
				651EE3A22C6DA4BD0052E5EA /* testOnFetchUserDetail.1.png */,
				651EE3A32C6DA4BD0052E5EA /* testOnFetchUserDetail.2.png */,
				651EE3A42C6DA4BD0052E5EA /* testOnFetchUserDetail.3.png */,
				651EE3A52C6DA4BD0052E5EA /* testOnFetchUserDetail.4.png */,
				651EE3A62C6DA4BD0052E5EA /* testSuccessUserDetail.1.png */,
				651EE3A72C6DA4BD0052E5EA /* testSuccessUserDetail.2.png */,
				651EE3A82C6DA4BD0052E5EA /* testSuccessUserDetail.3.png */,
				651EE3A92C6DA4BD0052E5EA /* testSuccessUserDetail.4.png */,
			);
			path = UserDetailSnapshotTests;
			sourceTree = "<group>";
		};
		651EE3AB2C6DA4BD0052E5EA /* __Snapshots__ */ = {
			isa = PBXGroup;
			children = (
				651EE3AA2C6DA4BD0052E5EA /* UserDetailSnapshotTests */,
			);
			path = __Snapshots__;
			sourceTree = "<group>";
		};
		651EE3AF2C6DA4BD0052E5EA /* Mock */ = {
			isa = PBXGroup;
			children = (
				651EE3AC2C6DA4BD0052E5EA /* getUserDetail_missingFields.json */,
				651EE3AD2C6DA4BD0052E5EA /* getUserDetail.json */,
				651EE3AE2C6DA4BD0052E5EA /* MockGetUserDetail.swift */,
			);
			path = Mock;
			sourceTree = "<group>";
		};
		651EE3B22C6DA4BD0052E5EA /* UserDetail */ = {
			isa = PBXGroup;
			children = (
				651EE3AB2C6DA4BD0052E5EA /* __Snapshots__ */,
				651EE3AF2C6DA4BD0052E5EA /* Mock */,
				651EE3B02C6DA4BD0052E5EA /* UserDetailFeatureTests.swift */,
				651EE3B12C6DA4BD0052E5EA /* UserDetailSnapshotTests.swift */,
			);
			path = UserDetail;
			sourceTree = "<group>";
		};
		654799A22C6DA09000F8F666 /* Resource */ = {
			isa = PBXGroup;
			children = (
				650E48BA2C6D938200416935 /* Assets.xcassets */,
				651EE34D2C6DA1FA0052E5EA /* Localizable.xcstrings */,
			);
			path = Resource;
			sourceTree = "<group>";
		};
/* End PBXGroup section */

/* Begin PBXNativeTarget section */
		650E48B22C6D938100416935 /* GitHubTCA */ = {
			isa = PBXNativeTarget;
			buildConfigurationList = 650E48C12C6D938200416935 /* Build configuration list for PBXNativeTarget "GitHubTCA" */;
			buildPhases = (
				650E48AF2C6D938100416935 /* Sources */,
				650E48B02C6D938100416935 /* Frameworks */,
				650E48B12C6D938100416935 /* Resources */,
			);
			buildRules = (
			);
			dependencies = (
			);
			name = GitHubTCA;
			packageProductDependencies = (
				650E48D22C6D944A00416935 /* ComposableArchitecture */,
			);
			productName = GitHubTCA;
			productReference = 650E48B32C6D938100416935 /* GitHubTCA.app */;
			productType = "com.apple.product-type.application";
		};
		650E48C72C6D93F200416935 /* GitHubTCATests */ = {
			isa = PBXNativeTarget;
			buildConfigurationList = 650E48CE2C6D93F200416935 /* Build configuration list for PBXNativeTarget "GitHubTCATests" */;
			buildPhases = (
				650E48C42C6D93F200416935 /* Sources */,
				650E48C52C6D93F200416935 /* Frameworks */,
				650E48C62C6D93F200416935 /* Resources */,
			);
			buildRules = (
			);
			dependencies = (
				650E48CD2C6D93F200416935 /* PBXTargetDependency */,
			);
			name = GitHubTCATests;
			packageProductDependencies = (
				650E48D52C6D945D00416935 /* SnapshotTesting */,
			);
			productName = GitHubTCATests;
			productReference = 650E48C82C6D93F200416935 /* GitHubTCATests.xctest */;
			productType = "com.apple.product-type.bundle.unit-test";
		};
/* End PBXNativeTarget section */

/* Begin PBXProject section */
		650E48AB2C6D938100416935 /* Project object */ = {
			isa = PBXProject;
			attributes = {
				BuildIndependentTargetsInParallel = 1;
				LastSwiftUpdateCheck = 1540;
				LastUpgradeCheck = 1540;
				TargetAttributes = {
					650E48B22C6D938100416935 = {
						CreatedOnToolsVersion = 15.4;
					};
					650E48C72C6D93F200416935 = {
						CreatedOnToolsVersion = 15.4;
						TestTargetID = 650E48B22C6D938100416935;
					};
				};
			};
			buildConfigurationList = 650E48AE2C6D938100416935 /* Build configuration list for PBXProject "GitHubTCA" */;
			compatibilityVersion = "Xcode 14.0";
			developmentRegion = en;
			hasScannedForEncodings = 0;
			knownRegions = (
				en,
				Base,
			);
			mainGroup = 650E48AA2C6D938100416935;
			packageReferences = (
				650E48D12C6D944A00416935 /* XCRemoteSwiftPackageReference "swift-composable-architecture" */,
				650E48D42C6D945D00416935 /* XCRemoteSwiftPackageReference "swift-snapshot-testing" */,
			);
			productRefGroup = 650E48B42C6D938100416935 /* Products */;
			projectDirPath = "";
			projectRoot = "";
			targets = (
				650E48B22C6D938100416935 /* GitHubTCA */,
				650E48C72C6D93F200416935 /* GitHubTCATests */,
			);
		};
/* End PBXProject section */

/* Begin PBXResourcesBuildPhase section */
		650E48B12C6D938100416935 /* Resources */ = {
			isa = PBXResourcesBuildPhase;
			buildActionMask = 2147483647;
			files = (
				650E48BE2C6D938200416935 /* Preview Assets.xcassets in Resources */,
				650E48BB2C6D938200416935 /* Assets.xcassets in Resources */,
				651EE34E2C6DA1FA0052E5EA /* Localizable.xcstrings in Resources */,
			);
			runOnlyForDeploymentPostprocessing = 0;
		};
		650E48C62C6D93F200416935 /* Resources */ = {
			isa = PBXResourcesBuildPhase;
			buildActionMask = 2147483647;
			files = (
				651EE38B2C6DA2BC0052E5EA /* testSuccessUserList.2.png in Resources */,
				651EE38F2C6DA2BC0052E5EA /* getUsers.json in Resources */,
				651EE3B52C6DA4BD0052E5EA /* testOnFetchUserDetail.3.png in Resources */,
				651EE3BA2C6DA4BD0052E5EA /* testSuccessUserDetail.4.png in Resources */,
				651EE3892C6DA2BC0052E5EA /* testOnFetchUserList.4.png in Resources */,
				651EE38E2C6DA2BC0052E5EA /* getUsers_partialMissingFields.json in Resources */,
				651EE38D2C6DA2BC0052E5EA /* testSuccessUserList.4.png in Resources */,
				651EE3B92C6DA4BD0052E5EA /* testSuccessUserDetail.3.png in Resources */,
				651EE3872C6DA2BC0052E5EA /* testOnFetchUserList.2.png in Resources */,
				651EE3B62C6DA4BD0052E5EA /* testOnFetchUserDetail.4.png in Resources */,
				651EE3BB2C6DA4BD0052E5EA /* getUserDetail_missingFields.json in Resources */,
				651EE3862C6DA2BC0052E5EA /* testOnFetchUserList.1.png in Resources */,
				651EE3BC2C6DA4BD0052E5EA /* getUserDetail.json in Resources */,
				651EE3B82C6DA4BD0052E5EA /* testSuccessUserDetail.2.png in Resources */,
				651EE3B42C6DA4BD0052E5EA /* testOnFetchUserDetail.2.png in Resources */,
				651EE38C2C6DA2BC0052E5EA /* testSuccessUserList.3.png in Resources */,
				651EE38A2C6DA2BC0052E5EA /* testSuccessUserList.1.png in Resources */,
				651EE3B72C6DA4BD0052E5EA /* testSuccessUserDetail.1.png in Resources */,
				651EE3882C6DA2BC0052E5EA /* testOnFetchUserList.3.png in Resources */,
				651EE3B32C6DA4BD0052E5EA /* testOnFetchUserDetail.1.png in Resources */,
			);
			runOnlyForDeploymentPostprocessing = 0;
		};
/* End PBXResourcesBuildPhase section */

/* Begin PBXSourcesBuildPhase section */
		650E48AF2C6D938100416935 /* Sources */ = {
			isa = PBXSourcesBuildPhase;
			buildActionMask = 2147483647;
			files = (
				651EE35A2C6DA2020052E5EA /* GitHubPagination.swift in Sources */,
				651EE36C2C6DA2090052E5EA /* UserListFeature.swift in Sources */,
				651EE35C2C6DA2020052E5EA /* AvatarView.swift in Sources */,
				651EE35B2C6DA2020052E5EA /* GitHubRequestHeader.swift in Sources */,
				651EE3A12C6DA4B20052E5EA /* UserDetailView.swift in Sources */,
				651EE35E2C6DA2020052E5EA /* CardBackground.swift in Sources */,
				650E48B72C6D938100416935 /* GitHubTCAApp.swift in Sources */,
				651EE3A02C6DA4B20052E5EA /* GitHubUserDetail.swift in Sources */,
				651EE35F2C6DA2020052E5EA /* CommonAlert.swift in Sources */,
				651EE36E2C6DA2090052E5EA /* UserListView.swift in Sources */,
				651EE3602C6DA2020052E5EA /* ElementIdentifiable.swift in Sources */,
				651EE35D2C6DA2020052E5EA /* NavigationStackWrapper.swift in Sources */,
				651EE39E2C6DA4B20052E5EA /* UserDetailClient.swift in Sources */,
				651EE36F2C6DA2090052E5EA /* UserView.swift in Sources */,
				651EE36B2C6DA2090052E5EA /* UserListClient.swift in Sources */,
				651EE36D2C6DA2090052E5EA /* GitHubUser.swift in Sources */,
				651EE39F2C6DA4B20052E5EA /* UserDetailFeature.swift in Sources */,
			);
			runOnlyForDeploymentPostprocessing = 0;
		};
		650E48C42C6D93F200416935 /* Sources */ = {
			isa = PBXSourcesBuildPhase;
			buildActionMask = 2147483647;
			files = (
				651EE3942C6DA2BC0052E5EA /* MockHelper.swift in Sources */,
				651EE3BE2C6DA4BD0052E5EA /* UserDetailFeatureTests.swift in Sources */,
				651EE3902C6DA2BC0052E5EA /* MockGetUsers.swift in Sources */,
				651EE3BD2C6DA4BD0052E5EA /* MockGetUserDetail.swift in Sources */,
				651EE3912C6DA2BC0052E5EA /* UserListFeatureTests.swift in Sources */,
				651EE3BF2C6DA4BD0052E5EA /* UserDetailSnapshotTests.swift in Sources */,
				651EE3922C6DA2BC0052E5EA /* UserListSnapshotTests.swift in Sources */,
				651EE3932C6DA2BC0052E5EA /* Bundle+Extension.swift in Sources */,
			);
			runOnlyForDeploymentPostprocessing = 0;
		};
/* End PBXSourcesBuildPhase section */

/* Begin PBXTargetDependency section */
		650E48CD2C6D93F200416935 /* PBXTargetDependency */ = {
			isa = PBXTargetDependency;
			target = 650E48B22C6D938100416935 /* GitHubTCA */;
			targetProxy = 650E48CC2C6D93F200416935 /* PBXContainerItemProxy */;
		};
/* End PBXTargetDependency section */

/* Begin XCBuildConfiguration section */
		650E48BF2C6D938200416935 /* Debug */ = {
			isa = XCBuildConfiguration;
			buildSettings = {
				ALWAYS_SEARCH_USER_PATHS = NO;
				ASSETCATALOG_COMPILER_GENERATE_SWIFT_ASSET_SYMBOL_EXTENSIONS = YES;
				CLANG_ANALYZER_NONNULL = YES;
				CLANG_ANALYZER_NUMBER_OBJECT_CONVERSION = YES_AGGRESSIVE;
				CLANG_CXX_LANGUAGE_STANDARD = "gnu++20";
				CLANG_ENABLE_MODULES = YES;
				CLANG_ENABLE_OBJC_ARC = YES;
				CLANG_ENABLE_OBJC_WEAK = YES;
				CLANG_WARN_BLOCK_CAPTURE_AUTORELEASING = YES;
				CLANG_WARN_BOOL_CONVERSION = YES;
				CLANG_WARN_COMMA = YES;
				CLANG_WARN_CONSTANT_CONVERSION = YES;
				CLANG_WARN_DEPRECATED_OBJC_IMPLEMENTATIONS = YES;
				CLANG_WARN_DIRECT_OBJC_ISA_USAGE = YES_ERROR;
				CLANG_WARN_DOCUMENTATION_COMMENTS = YES;
				CLANG_WARN_EMPTY_BODY = YES;
				CLANG_WARN_ENUM_CONVERSION = YES;
				CLANG_WARN_INFINITE_RECURSION = YES;
				CLANG_WARN_INT_CONVERSION = YES;
				CLANG_WARN_NON_LITERAL_NULL_CONVERSION = YES;
				CLANG_WARN_OBJC_IMPLICIT_RETAIN_SELF = YES;
				CLANG_WARN_OBJC_LITERAL_CONVERSION = YES;
				CLANG_WARN_OBJC_ROOT_CLASS = YES_ERROR;
				CLANG_WARN_QUOTED_INCLUDE_IN_FRAMEWORK_HEADER = YES;
				CLANG_WARN_RANGE_LOOP_ANALYSIS = YES;
				CLANG_WARN_STRICT_PROTOTYPES = YES;
				CLANG_WARN_SUSPICIOUS_MOVE = YES;
				CLANG_WARN_UNGUARDED_AVAILABILITY = YES_AGGRESSIVE;
				CLANG_WARN_UNREACHABLE_CODE = YES;
				CLANG_WARN__DUPLICATE_METHOD_MATCH = YES;
				COPY_PHASE_STRIP = NO;
				DEBUG_INFORMATION_FORMAT = dwarf;
				ENABLE_STRICT_OBJC_MSGSEND = YES;
				ENABLE_TESTABILITY = YES;
				ENABLE_USER_SCRIPT_SANDBOXING = YES;
				GCC_C_LANGUAGE_STANDARD = gnu17;
				GCC_DYNAMIC_NO_PIC = NO;
				GCC_NO_COMMON_BLOCKS = YES;
				GCC_OPTIMIZATION_LEVEL = 0;
				GCC_PREPROCESSOR_DEFINITIONS = (
					"DEBUG=1",
					"$(inherited)",
				);
				GCC_WARN_64_TO_32_BIT_CONVERSION = YES;
				GCC_WARN_ABOUT_RETURN_TYPE = YES_ERROR;
				GCC_WARN_UNDECLARED_SELECTOR = YES;
				GCC_WARN_UNINITIALIZED_AUTOS = YES_AGGRESSIVE;
				GCC_WARN_UNUSED_FUNCTION = YES;
				GCC_WARN_UNUSED_VARIABLE = YES;
				IPHONEOS_DEPLOYMENT_TARGET = 15.0;
				LOCALIZATION_PREFERS_STRING_CATALOGS = YES;
				MTL_ENABLE_DEBUG_INFO = INCLUDE_SOURCE;
				MTL_FAST_MATH = YES;
				ONLY_ACTIVE_ARCH = YES;
				SDKROOT = iphoneos;
				SWIFT_ACTIVE_COMPILATION_CONDITIONS = "DEBUG $(inherited)";
				SWIFT_OPTIMIZATION_LEVEL = "-Onone";
			};
			name = Debug;
		};
		650E48C02C6D938200416935 /* Release */ = {
			isa = XCBuildConfiguration;
			buildSettings = {
				ALWAYS_SEARCH_USER_PATHS = NO;
				ASSETCATALOG_COMPILER_GENERATE_SWIFT_ASSET_SYMBOL_EXTENSIONS = YES;
				CLANG_ANALYZER_NONNULL = YES;
				CLANG_ANALYZER_NUMBER_OBJECT_CONVERSION = YES_AGGRESSIVE;
				CLANG_CXX_LANGUAGE_STANDARD = "gnu++20";
				CLANG_ENABLE_MODULES = YES;
				CLANG_ENABLE_OBJC_ARC = YES;
				CLANG_ENABLE_OBJC_WEAK = YES;
				CLANG_WARN_BLOCK_CAPTURE_AUTORELEASING = YES;
				CLANG_WARN_BOOL_CONVERSION = YES;
				CLANG_WARN_COMMA = YES;
				CLANG_WARN_CONSTANT_CONVERSION = YES;
				CLANG_WARN_DEPRECATED_OBJC_IMPLEMENTATIONS = YES;
				CLANG_WARN_DIRECT_OBJC_ISA_USAGE = YES_ERROR;
				CLANG_WARN_DOCUMENTATION_COMMENTS = YES;
				CLANG_WARN_EMPTY_BODY = YES;
				CLANG_WARN_ENUM_CONVERSION = YES;
				CLANG_WARN_INFINITE_RECURSION = YES;
				CLANG_WARN_INT_CONVERSION = YES;
				CLANG_WARN_NON_LITERAL_NULL_CONVERSION = YES;
				CLANG_WARN_OBJC_IMPLICIT_RETAIN_SELF = YES;
				CLANG_WARN_OBJC_LITERAL_CONVERSION = YES;
				CLANG_WARN_OBJC_ROOT_CLASS = YES_ERROR;
				CLANG_WARN_QUOTED_INCLUDE_IN_FRAMEWORK_HEADER = YES;
				CLANG_WARN_RANGE_LOOP_ANALYSIS = YES;
				CLANG_WARN_STRICT_PROTOTYPES = YES;
				CLANG_WARN_SUSPICIOUS_MOVE = YES;
				CLANG_WARN_UNGUARDED_AVAILABILITY = YES_AGGRESSIVE;
				CLANG_WARN_UNREACHABLE_CODE = YES;
				CLANG_WARN__DUPLICATE_METHOD_MATCH = YES;
				COPY_PHASE_STRIP = NO;
				DEBUG_INFORMATION_FORMAT = "dwarf-with-dsym";
				ENABLE_NS_ASSERTIONS = NO;
				ENABLE_STRICT_OBJC_MSGSEND = YES;
				ENABLE_USER_SCRIPT_SANDBOXING = YES;
				GCC_C_LANGUAGE_STANDARD = gnu17;
				GCC_NO_COMMON_BLOCKS = YES;
				GCC_WARN_64_TO_32_BIT_CONVERSION = YES;
				GCC_WARN_ABOUT_RETURN_TYPE = YES_ERROR;
				GCC_WARN_UNDECLARED_SELECTOR = YES;
				GCC_WARN_UNINITIALIZED_AUTOS = YES_AGGRESSIVE;
				GCC_WARN_UNUSED_FUNCTION = YES;
				GCC_WARN_UNUSED_VARIABLE = YES;
				IPHONEOS_DEPLOYMENT_TARGET = 15.0;
				LOCALIZATION_PREFERS_STRING_CATALOGS = YES;
				MTL_ENABLE_DEBUG_INFO = NO;
				MTL_FAST_MATH = YES;
				SDKROOT = iphoneos;
				SWIFT_COMPILATION_MODE = wholemodule;
				VALIDATE_PRODUCT = YES;
			};
			name = Release;
		};
		650E48C22C6D938200416935 /* Debug */ = {
			isa = XCBuildConfiguration;
			buildSettings = {
				ASSETCATALOG_COMPILER_APPICON_NAME = AppIcon;
				ASSETCATALOG_COMPILER_GLOBAL_ACCENT_COLOR_NAME = AccentColor;
				CODE_SIGN_STYLE = Automatic;
				CURRENT_PROJECT_VERSION = 1;
				DEVELOPMENT_ASSET_PATHS = "\"GitHubTCA/Preview Content\"";
				ENABLE_PREVIEWS = YES;
				GENERATE_INFOPLIST_FILE = YES;
				INFOPLIST_FILE = GitHubTCA/Info.plist;
				INFOPLIST_KEY_UIApplicationSceneManifest_Generation = YES;
				INFOPLIST_KEY_UIApplicationSupportsIndirectInputEvents = YES;
				INFOPLIST_KEY_UILaunchScreen_Generation = YES;
				INFOPLIST_KEY_UISupportedInterfaceOrientations_iPad = "UIInterfaceOrientationPortrait UIInterfaceOrientationPortraitUpsideDown UIInterfaceOrientationLandscapeLeft UIInterfaceOrientationLandscapeRight";
				INFOPLIST_KEY_UISupportedInterfaceOrientations_iPhone = "UIInterfaceOrientationPortrait UIInterfaceOrientationLandscapeLeft UIInterfaceOrientationLandscapeRight";
				IPHONEOS_DEPLOYMENT_TARGET = 15.0;
				LD_RUNPATH_SEARCH_PATHS = (
					"$(inherited)",
					"@executable_path/Frameworks",
				);
				MARKETING_VERSION = 1.0;
				PRODUCT_BUNDLE_IDENTIFIER = study.GitHubTCA;
				PRODUCT_NAME = "$(TARGET_NAME)";
				SWIFT_EMIT_LOC_STRINGS = YES;
				SWIFT_VERSION = 5.0;
				TARGETED_DEVICE_FAMILY = "1,2";
			};
			name = Debug;
		};
		650E48C32C6D938200416935 /* Release */ = {
			isa = XCBuildConfiguration;
			buildSettings = {
				ASSETCATALOG_COMPILER_APPICON_NAME = AppIcon;
				ASSETCATALOG_COMPILER_GLOBAL_ACCENT_COLOR_NAME = AccentColor;
				CODE_SIGN_STYLE = Automatic;
				CURRENT_PROJECT_VERSION = 1;
				DEVELOPMENT_ASSET_PATHS = "\"GitHubTCA/Preview Content\"";
				ENABLE_PREVIEWS = YES;
				GENERATE_INFOPLIST_FILE = YES;
				INFOPLIST_FILE = GitHubTCA/Info.plist;
				INFOPLIST_KEY_UIApplicationSceneManifest_Generation = YES;
				INFOPLIST_KEY_UIApplicationSupportsIndirectInputEvents = YES;
				INFOPLIST_KEY_UILaunchScreen_Generation = YES;
				INFOPLIST_KEY_UISupportedInterfaceOrientations_iPad = "UIInterfaceOrientationPortrait UIInterfaceOrientationPortraitUpsideDown UIInterfaceOrientationLandscapeLeft UIInterfaceOrientationLandscapeRight";
				INFOPLIST_KEY_UISupportedInterfaceOrientations_iPhone = "UIInterfaceOrientationPortrait UIInterfaceOrientationLandscapeLeft UIInterfaceOrientationLandscapeRight";
				IPHONEOS_DEPLOYMENT_TARGET = 15.0;
				LD_RUNPATH_SEARCH_PATHS = (
					"$(inherited)",
					"@executable_path/Frameworks",
				);
				MARKETING_VERSION = 1.0;
				PRODUCT_BUNDLE_IDENTIFIER = study.GitHubTCA;
				PRODUCT_NAME = "$(TARGET_NAME)";
				SWIFT_EMIT_LOC_STRINGS = YES;
				SWIFT_VERSION = 5.0;
				TARGETED_DEVICE_FAMILY = "1,2";
			};
			name = Release;
		};
		650E48CF2C6D93F200416935 /* Debug */ = {
			isa = XCBuildConfiguration;
			buildSettings = {
				BUNDLE_LOADER = "$(TEST_HOST)";
				CODE_SIGN_STYLE = Automatic;
				CURRENT_PROJECT_VERSION = 1;
				GENERATE_INFOPLIST_FILE = YES;
				IPHONEOS_DEPLOYMENT_TARGET = 15.0;
				MARKETING_VERSION = 1.0;
				PRODUCT_BUNDLE_IDENTIFIER = study.GitHubTCATests;
				PRODUCT_NAME = "$(TARGET_NAME)";
				SWIFT_EMIT_LOC_STRINGS = NO;
				SWIFT_VERSION = 5.0;
				TARGETED_DEVICE_FAMILY = "1,2";
				TEST_HOST = "$(BUILT_PRODUCTS_DIR)/GitHubTCA.app/$(BUNDLE_EXECUTABLE_FOLDER_PATH)/GitHubTCA";
			};
			name = Debug;
		};
		650E48D02C6D93F200416935 /* Release */ = {
			isa = XCBuildConfiguration;
			buildSettings = {
				BUNDLE_LOADER = "$(TEST_HOST)";
				CODE_SIGN_STYLE = Automatic;
				CURRENT_PROJECT_VERSION = 1;
				GENERATE_INFOPLIST_FILE = YES;
				IPHONEOS_DEPLOYMENT_TARGET = 15.0;
				MARKETING_VERSION = 1.0;
				PRODUCT_BUNDLE_IDENTIFIER = study.GitHubTCATests;
				PRODUCT_NAME = "$(TARGET_NAME)";
				SWIFT_EMIT_LOC_STRINGS = NO;
				SWIFT_VERSION = 5.0;
				TARGETED_DEVICE_FAMILY = "1,2";
				TEST_HOST = "$(BUILT_PRODUCTS_DIR)/GitHubTCA.app/$(BUNDLE_EXECUTABLE_FOLDER_PATH)/GitHubTCA";
			};
			name = Release;
		};
/* End XCBuildConfiguration section */

/* Begin XCConfigurationList section */
		650E48AE2C6D938100416935 /* Build configuration list for PBXProject "GitHubTCA" */ = {
			isa = XCConfigurationList;
			buildConfigurations = (
				650E48BF2C6D938200416935 /* Debug */,
				650E48C02C6D938200416935 /* Release */,
			);
			defaultConfigurationIsVisible = 0;
			defaultConfigurationName = Release;
		};
		650E48C12C6D938200416935 /* Build configuration list for PBXNativeTarget "GitHubTCA" */ = {
			isa = XCConfigurationList;
			buildConfigurations = (
				650E48C22C6D938200416935 /* Debug */,
				650E48C32C6D938200416935 /* Release */,
			);
			defaultConfigurationIsVisible = 0;
			defaultConfigurationName = Release;
		};
		650E48CE2C6D93F200416935 /* Build configuration list for PBXNativeTarget "GitHubTCATests" */ = {
			isa = XCConfigurationList;
			buildConfigurations = (
				650E48CF2C6D93F200416935 /* Debug */,
				650E48D02C6D93F200416935 /* Release */,
			);
			defaultConfigurationIsVisible = 0;
			defaultConfigurationName = Release;
		};
/* End XCConfigurationList section */

/* Begin XCRemoteSwiftPackageReference section */
		650E48D12C6D944A00416935 /* XCRemoteSwiftPackageReference "swift-composable-architecture" */ = {
			isa = XCRemoteSwiftPackageReference;
			repositoryURL = "https://github.com/pointfreeco/swift-composable-architecture";
			requirement = {
				kind = upToNextMajorVersion;
				minimumVersion = 1.12.1;
			};
		};
		650E48D42C6D945D00416935 /* XCRemoteSwiftPackageReference "swift-snapshot-testing" */ = {
			isa = XCRemoteSwiftPackageReference;
			repositoryURL = "https://github.com/pointfreeco/swift-snapshot-testing";
			requirement = {
				kind = upToNextMajorVersion;
				minimumVersion = 1.17.4;
			};
		};
/* End XCRemoteSwiftPackageReference section */

/* Begin XCSwiftPackageProductDependency section */
		650E48D22C6D944A00416935 /* ComposableArchitecture */ = {
			isa = XCSwiftPackageProductDependency;
			package = 650E48D12C6D944A00416935 /* XCRemoteSwiftPackageReference "swift-composable-architecture" */;
			productName = ComposableArchitecture;
		};
		650E48D52C6D945D00416935 /* SnapshotTesting */ = {
			isa = XCSwiftPackageProductDependency;
			package = 650E48D42C6D945D00416935 /* XCRemoteSwiftPackageReference "swift-snapshot-testing" */;
			productName = SnapshotTesting;
		};
/* End XCSwiftPackageProductDependency section */
	};
	rootObject = 650E48AB2C6D938100416935 /* Project object */;
}
